dependencies:
- name: mysql
  repository: https://charts.bitnami.com/bitnami
  version: 9.10.10
- name: redis
  repository: https://charts.bitnami.com/bitnami
  version: 17.11.8
- name: wordpress
  repository: https://charts.bitnami.com/bitnami
  version: 19.0.4
digest: sha256:444a26fa06c2f57d2997f9e057bf503278cca6c5222a5b04f455f05d3e8d2507
generated: "2024-01-06T12:53:00.637191982+01:00"
