dependencies:
- name: mysql
  repository: https://charts.bitnami.com/bitnami
  version: 9.10.4
- name: redis
  repository: https://charts.bitnami.com/bitnami
  version: 17.11.6
- name: wordpress
  repository: https://charts.bitnami.com/bitnami
  version: 16.1.21
digest: sha256:6e999e31c094bebf0711fba3fe62ead7fbdcb4c19086dde656c6fea77c95400b
generated: "2023-06-30T14:11:34.517632005+02:00"
