dependencies:
- name: mysql
  repository: https://charts.bitnami.com/bitnami
  version: 14.0.3
- name: redis-ha
  repository: https://dandydeveloper.github.io/charts
  version: 4.29.1
- name: wordpress
  repository: https://repo.helmforge.dev
  version: 1.3.5
digest: sha256:d169b1770413468a4f950990ba263157557e68b4a4689308417a998dd70dab38
generated: "2026-04-20T08:03:51.802705815+02:00"
